
Microsoft Visual Studio Solution File, Format Version 12.00
# Visual Studio Version 17
VisualStudioVersion = 17.0.31919.166
MinimumVisualStudioVersion = 10.0.40219.1
Project("{2150E333-8FDC-42A3-9474-1A3956D46DE8}") = "TCP", "TCP", "{E058AF04-0567-4954-9945-FCFB23EC99EF}"
EndProject
Project("{2150E333-8FDC-42A3-9474-1A3956D46DE8}") = "UDP", "UDP", "{388CDE6A-7F3B-4ADB-AF8C-745A62265928}"
EndProject
Project("{FAE04EC0-301F-11D3-BF4B-00C04F79EFBC}") = "Client", "..\Client\Client.csproj", "{70F727E2-5B23-45F3-BCE5-D340ACFF0DEA}"
EndProject
Project("{FAE04EC0-301F-11D3-BF4B-00C04F79EFBC}") = "Server", "Server\Server.csproj", "{75179D91-2C71-46E6-9AB3-4E76615FEDC1}"
EndProject
Project("{FAE04EC0-301F-11D3-BF4B-00C04F79EFBC}") = "Server", "..\..\udp\Server\Server.csproj", "{4B7D17D3-876D-47B1-BCF9-47C3AD7DF474}"
EndProject
Project("{FAE04EC0-301F-11D3-BF4B-00C04F79EFBC}") = "Client", "..\..\udp\Client\Client.csproj", "{DE5ABC76-1FEE-48C9-8D91-06DE3AFF5BCB}"
EndProject
Global
	GlobalSection(SolutionConfigurationPlatforms) = preSolution
		Debug|Any CPU = Debug|Any CPU
		Release|Any CPU = Release|Any CPU
	EndGlobalSection
	GlobalSection(ProjectConfigurationPlatforms) = postSolution
		{70F727E2-5B23-45F3-BCE5-D340ACFF0DEA}.Debug|Any CPU.ActiveCfg = Debug|Any CPU
		{70F727E2-5B23-45F3-BCE5-D340ACFF0DEA}.Debug|Any CPU.Build.0 = Debug|Any CPU
		{70F727E2-5B23-45F3-BCE5-D340ACFF0DEA}.Release|Any CPU.ActiveCfg = Release|Any CPU
		{70F727E2-5B23-45F3-BCE5-D340ACFF0DEA}.Release|Any CPU.Build.0 = Release|Any CPU
		{75179D91-2C71-46E6-9AB3-4E76615FEDC1}.Debug|Any CPU.ActiveCfg = Debug|Any CPU
		{75179D91-2C71-46E6-9AB3-4E76615FEDC1}.Debug|Any CPU.Build.0 = Debug|Any CPU
		{75179D91-2C71-46E6-9AB3-4E76615FEDC1}.Release|Any CPU.ActiveCfg = Release|Any CPU
		{75179D91-2C71-46E6-9AB3-4E76615FEDC1}.Release|Any CPU.Build.0 = Release|Any CPU
		{4B7D17D3-876D-47B1-BCF9-47C3AD7DF474}.Debug|Any CPU.ActiveCfg = Debug|Any CPU
		{4B7D17D3-876D-47B1-BCF9-47C3AD7DF474}.Debug|Any CPU.Build.0 = Debug|Any CPU
		{4B7D17D3-876D-47B1-BCF9-47C3AD7DF474}.Release|Any CPU.ActiveCfg = Release|Any CPU
		{4B7D17D3-876D-47B1-BCF9-47C3AD7DF474}.Release|Any CPU.Build.0 = Release|Any CPU
		{DE5ABC76-1FEE-48C9-8D91-06DE3AFF5BCB}.Debug|Any CPU.ActiveCfg = Debug|Any CPU
		{DE5ABC76-1FEE-48C9-8D91-06DE3AFF5BCB}.Debug|Any CPU.Build.0 = Debug|Any CPU
		{DE5ABC76-1FEE-48C9-8D91-06DE3AFF5BCB}.Release|Any CPU.ActiveCfg = Release|Any CPU
		{DE5ABC76-1FEE-48C9-8D91-06DE3AFF5BCB}.Release|Any CPU.Build.0 = Release|Any CPU
	EndGlobalSection
	GlobalSection(SolutionProperties) = preSolution
		HideSolutionNode = FALSE
	EndGlobalSection
	GlobalSection(NestedProjects) = preSolution
		{70F727E2-5B23-45F3-BCE5-D340ACFF0DEA} = {E058AF04-0567-4954-9945-FCFB23EC99EF}
		{75179D91-2C71-46E6-9AB3-4E76615FEDC1} = {E058AF04-0567-4954-9945-FCFB23EC99EF}
		{4B7D17D3-876D-47B1-BCF9-47C3AD7DF474} = {388CDE6A-7F3B-4ADB-AF8C-745A62265928}
		{DE5ABC76-1FEE-48C9-8D91-06DE3AFF5BCB} = {388CDE6A-7F3B-4ADB-AF8C-745A62265928}
	EndGlobalSection
	GlobalSection(ExtensibilityGlobals) = postSolution
		SolutionGuid = {634BB3B3-4276-4C35-97FB-79B2C9D83227}
	EndGlobalSection
EndGlobal
